{
  "name": "matrix-camera-controller",
  "version": "2.1.4",
  "lockfileVersion": 1,
  "requires": true,
  "dependencies": {
    "binary-search-bounds": {
      "version": "2.0.5",
      "resolved": "https://registry.npmjs.org/binary-search-bounds/-/binary-search-bounds-2.0.5.tgz",
      "integrity": "sha512-H0ea4Fd3lS1+sTEB2TgcLoK21lLhwEJzlQv3IN47pJS976Gx4zoWe0ak3q+uYh60ppQxg9F16Ri4tS1sfD4+jA=="
    },
    "deep-equal": {
      "version": "0.2.2",
      "resolved": "https://registry.npmjs.org/deep-equal/-/deep-equal-0.2.2.tgz",
      "integrity": "sha1-hLdFiW80xoTpjyzg5Cq69Du6AX0=",
      "dev": true
    },
    "defined": {
      "version": "0.0.0",
      "resolved": "https://registry.npmjs.org/defined/-/defined-0.0.0.tgz",
      "integrity": "sha1-817qfXBekzuvE7LwOz+D2SFAOz4=",
      "dev": true
    },
    "gl-mat3": {
      "version": "1.0.0",
      "resolved": "https://registry.npmjs.org/gl-mat3/-/gl-mat3-1.0.0.tgz",
      "integrity": "sha1-iWMyGcpCk3mha5GF2V1BcTRTuRI="
    },
    "gl-mat4": {
      "version": "1.2.0",
      "resolved": "https://registry.npmjs.org/gl-mat4/-/gl-mat4-1.2.0.tgz",
      "integrity": "sha512-sT5C0pwB1/e9G9AvAoLsoaJtbMGjfd/jfxo8jMCKqYYEnjZuFvqV5rehqar0538EmssjdDeiEWnKyBSTw7quoA=="
    },
    "gl-quat": {
      "version": "1.0.0",
      "resolved": "https://registry.npmjs.org/gl-quat/-/gl-quat-1.0.0.tgz",
      "integrity": "sha1-CUXskjOG9FMpvl3DV7HIwtR1hsU=",
      "requires": {
        "gl-mat3": "^1.0.0",
        "gl-vec3": "^1.0.3",
        "gl-vec4": "^1.0.0"
      }
    },
    "gl-vec3": {
      "version": "1.1.3",
      "resolved": "https://registry.npmjs.org/gl-vec3/-/gl-vec3-1.1.3.tgz",
      "integrity": "sha512-jduKUqT0SGH02l8Yl+mV1yVsDfYgQAJyXGxkJQGyxPLHRiW25DwVIRPt6uvhrEMHftJfqhqKthRcyZqNEl9Xdw=="
    },
    "gl-vec4": {
      "version": "1.0.1",
      "resolved": "https://registry.npmjs.org/gl-vec4/-/gl-vec4-1.0.1.tgz",
      "integrity": "sha1-l9loeCgbFLUyy84QF4Xf0cs0CWQ="
    },
    "glob": {
      "version": "3.2.11",
      "resolved": "https://registry.npmjs.org/glob/-/glob-3.2.11.tgz",
      "integrity": "sha1-Spc/Y1uRkPcV0QmH1cAP0oFevj0=",
      "dev": true,
      "requires": {
        "inherits": "2",
        "minimatch": "0.3"
      }
    },
    "inherits": {
      "version": "2.0.4",
      "resolved": "https://registry.npmjs.org/inherits/-/inherits-2.0.4.tgz",
      "integrity": "sha512-k/vGaX4/Yla3WzyMCvTQOXYeIHvqOKtnqBduzTHpzpQZzAskKMhZ2K+EnBiSM9zGSoIFeMpXKxa4dYeZIQqewQ==",
      "dev": true
    },
    "lru-cache": {
      "version": "2.7.3",
      "resolved": "https://registry.npmjs.org/lru-cache/-/lru-cache-2.7.3.tgz",
      "integrity": "sha1-bUUk6LlV+V1PW1iFHOId1y+06VI=",
      "dev": true
    },
    "mat4-decompose": {
      "version": "1.0.4",
      "resolved": "https://registry.npmjs.org/mat4-decompose/-/mat4-decompose-1.0.4.tgz",
      "integrity": "sha1-ZetP451wh496RE60Yk1S9+frL68=",
      "requires": {
        "gl-mat4": "^1.0.1",
        "gl-vec3": "^1.0.2"
      }
    },
    "mat4-interpolate": {
      "version": "1.0.4",
      "resolved": "https://registry.npmjs.org/mat4-interpolate/-/mat4-interpolate-1.0.4.tgz",
      "integrity": "sha1-Vf/p6zw1KV4sDVqfdyXZBoqJ/3Q=",
      "requires": {
        "gl-mat4": "^1.0.1",
        "gl-vec3": "^1.0.2",
        "mat4-decompose": "^1.0.3",
        "mat4-recompose": "^1.0.3",
        "quat-slerp": "^1.0.0"
      }
    },
    "mat4-recompose": {
      "version": "1.0.4",
      "resolved": "https://registry.npmjs.org/mat4-recompose/-/mat4-recompose-1.0.4.tgz",
      "integrity": "sha1-OVPCMP8kc9x3LuAUpSySXPgbDk0=",
      "requires": {
        "gl-mat4": "^1.0.1"
      }
    },
    "minimatch": {
      "version": "0.3.0",
      "resolved": "https://registry.npmjs.org/minimatch/-/minimatch-0.3.0.tgz",
      "integrity": "sha1-J12O2qxPG7MyZHIInnlJyDlGmd0=",
      "dev": true,
      "requires": {
        "lru-cache": "2",
        "sigmund": "~1.0.0"
      }
    },
    "object-inspect": {
      "version": "0.4.0",
      "resolved": "https://registry.npmjs.org/object-inspect/-/object-inspect-0.4.0.tgz",
      "integrity": "sha1-9RV8EWwUVbJDsG7pdwM5LFrYn+w=",
      "dev": true
    },
    "quat-slerp": {
      "version": "1.0.1",
      "resolved": "https://registry.npmjs.org/quat-slerp/-/quat-slerp-1.0.1.tgz",
      "integrity": "sha1-K6oVzjprvcMkHZcusXKDE57Wnyk=",
      "requires": {
        "gl-quat": "^1.0.0"
      }
    },
    "resumer": {
      "version": "0.0.0",
      "resolved": "https://registry.npmjs.org/resumer/-/resumer-0.0.0.tgz",
      "integrity": "sha1-8ej0YeQGS6Oegq883CqMiT0HZ1k=",
      "dev": true,
      "requires": {
        "through": "~2.3.4"
      }
    },
    "sigmund": {
      "version": "1.0.1",
      "resolved": "https://registry.npmjs.org/sigmund/-/sigmund-1.0.1.tgz",
      "integrity": "sha1-P/IfGYytIXX587eBhT/ZTQ0ZtZA=",
      "dev": true
    },
    "tape": {
      "version": "3.6.1",
      "resolved": "https://registry.npmjs.org/tape/-/tape-3.6.1.tgz",
      "integrity": "sha1-SJPdU+KApfWMDOswwsDrs7zVHh8=",
      "dev": true,
      "requires": {
        "deep-equal": "~0.2.0",
        "defined": "~0.0.0",
        "glob": "~3.2.9",
        "inherits": "~2.0.1",
        "object-inspect": "~0.4.0",
        "resumer": "~0.0.0",
        "through": "~2.3.4"
      }
    },
    "through": {
      "version": "2.3.8",
      "resolved": "https://registry.npmjs.org/through/-/through-2.3.8.tgz",
      "integrity": "sha1-DdTJ/6q8NXlgsbckEV1+Doai4fU=",
      "dev": true
    }
  }
}
